
Microsoft Visual Studio Solution File, Format Version 12.00
# Visual Studio Version 17
VisualStudioVersion = 17.7.34024.191
MinimumVisualStudioVersion = 10.0.40219.1
Project("{9A19103F-16F7-4668-BE54-9A1E7A4F7556}") = "CaixaEletronico_lambda", "CaixaEletronico\CaixaEletronico_lambda.csproj", "{2CC372F2-1727-47FF-8EA2-CA07824E8FE2}"
EndProject
Project("{FAE04EC0-301F-11D3-BF4B-00C04F79EFBC}") = "WebApplication1", "WebApplication1\WebApplication1.csproj", "{DB250071-65AD-44BD-BEE9-B0E1CDF20ACB}"
EndProject
Global
	GlobalSection(SolutionConfigurationPlatforms) = preSolution
		Debug|Any CPU = Debug|Any CPU
		Release|Any CPU = Release|Any CPU
	EndGlobalSection
	GlobalSection(ProjectConfigurationPlatforms) = postSolution
		{2CC372F2-1727-47FF-8EA2-CA07824E8FE2}.Debug|Any CPU.ActiveCfg = Debug|Any CPU
		{2CC372F2-1727-47FF-8EA2-CA07824E8FE2}.Debug|Any CPU.Build.0 = Debug|Any CPU
		{2CC372F2-1727-47FF-8EA2-CA07824E8FE2}.Release|Any CPU.ActiveCfg = Release|Any CPU
		{2CC372F2-1727-47FF-8EA2-CA07824E8FE2}.Release|Any CPU.Build.0 = Release|Any CPU
		{DB250071-65AD-44BD-BEE9-B0E1CDF20ACB}.Debug|Any CPU.ActiveCfg = Debug|Any CPU
		{DB250071-65AD-44BD-BEE9-B0E1CDF20ACB}.Debug|Any CPU.Build.0 = Debug|Any CPU
		{DB250071-65AD-44BD-BEE9-B0E1CDF20ACB}.Release|Any CPU.ActiveCfg = Release|Any CPU
		{DB250071-65AD-44BD-BEE9-B0E1CDF20ACB}.Release|Any CPU.Build.0 = Release|Any CPU
	EndGlobalSection
	GlobalSection(SolutionProperties) = preSolution
		HideSolutionNode = FALSE
	EndGlobalSection
	GlobalSection(ExtensibilityGlobals) = postSolution
		SolutionGuid = {603B135B-C2D2-4E17-A3C4-06537C1BE6C4}
	EndGlobalSection
EndGlobal
