
Microsoft Visual Studio Solution File, Format Version 12.00
# Visual Studio Version 17
VisualStudioVersion = 17.7.34024.191
MinimumVisualStudioVersion = 10.0.40219.1
Project("{2150E333-8FDC-42A3-9474-1A3956D46DE8}") = "Aula1", "Aula1", "{9B996972-B4E3-4542-9575-3B2BE8A7FC2C}"
EndProject
Project("{2150E333-8FDC-42A3-9474-1A3956D46DE8}") = "Aula2", "Aula2", "{4AB8B595-2151-458E-A72A-D5C80E57592E}"
EndProject
Project("{2150E333-8FDC-42A3-9474-1A3956D46DE8}") = "Aula3", "Aula3", "{A9B28C98-3CAF-4BED-BBAD-C8892FD74A88}"
EndProject
Project("{2150E333-8FDC-42A3-9474-1A3956D46DE8}") = "Aula4", "Aula4", "{CFC4AE99-BA2F-467C-9ED3-9114B6A87A3F}"
EndProject
Project("{2150E333-8FDC-42A3-9474-1A3956D46DE8}") = "Aula5", "Aula5", "{B60ECD0B-B90F-43B3-9525-F20C7A24B69E}"
EndProject
Project("{2150E333-8FDC-42A3-9474-1A3956D46DE8}") = "antes", "antes", "{55A33857-8CB0-483B-B56F-AC3E9B7B6AB9}"
EndProject
Project("{2150E333-8FDC-42A3-9474-1A3956D46DE8}") = "antes", "antes", "{210F9C89-743C-4401-BF22-06C969F3788D}"
EndProject
Project("{2150E333-8FDC-42A3-9474-1A3956D46DE8}") = "antes", "antes", "{674D3FC8-B957-4EBE-8511-858A24C92C81}"
EndProject
Project("{2150E333-8FDC-42A3-9474-1A3956D46DE8}") = "antes", "antes", "{342497C4-FFE0-47A8-949F-8D9494D3A927}"
EndProject
Project("{2150E333-8FDC-42A3-9474-1A3956D46DE8}") = "antes", "antes", "{048FB2D7-405D-4356-BCF5-C44970607FBA}"
EndProject
Project("{2150E333-8FDC-42A3-9474-1A3956D46DE8}") = "depois", "depois", "{A1BE971A-ACA9-4885-BC4A-BE2427F74850}"
EndProject
Project("{2150E333-8FDC-42A3-9474-1A3956D46DE8}") = "depois", "depois", "{10FA42D2-D1AF-4E97-A419-85C06E8C63D7}"
EndProject
Project("{2150E333-8FDC-42A3-9474-1A3956D46DE8}") = "depois", "depois", "{104F14CF-A4B4-4DF1-9661-24BB3665F942}"
EndProject
Project("{2150E333-8FDC-42A3-9474-1A3956D46DE8}") = "depois", "depois", "{F4551A9C-DBCA-44A2-BD16-E01ED7AF3138}"
EndProject
Project("{2150E333-8FDC-42A3-9474-1A3956D46DE8}") = "depois", "depois", "{37A00499-800E-4FF7-9119-366EE824C5C4}"
EndProject
Project("{9A19103F-16F7-4668-BE54-9A1E7A4F7556}") = "ATMConsole", "Aula1\depois\ATMConsole\ATMConsole.csproj", "{4D02707E-2B7A-4968-B920-67E22C9A86D7}"
EndProject
Project("{9A19103F-16F7-4668-BE54-9A1E7A4F7556}") = "ATMConsole", "Aula2\depois\ATMConsole\ATMConsole.csproj", "{440C1915-8AF4-4DB1-9507-0E673D1C43CB}"
EndProject
Project("{9A19103F-16F7-4668-BE54-9A1E7A4F7556}") = "ByteBank.CaixaEletronico", "Aula3\depois\ByteBank.CaixaEletronico\ByteBank.CaixaEletronico.csproj", "{B68B333F-E703-4F36-98C5-1383C04C0BD2}"
EndProject
Project("{9A19103F-16F7-4668-BE54-9A1E7A4F7556}") = "ByteBank.WebApi", "Aula5\depois\ByteBank.WebApi\ByteBank.WebApi.csproj", "{53ACADF2-1375-45B9-8DF0-85134A8CD8F8}"
EndProject
Project("{9A19103F-16F7-4668-BE54-9A1E7A4F7556}") = "ATMConsole", "Aula2\antes\ATMConsole\ATMConsole.csproj", "{CF909C90-8952-42E1-BE87-A54FB5592D0A}"
EndProject
Project("{9A19103F-16F7-4668-BE54-9A1E7A4F7556}") = "ByteBank.Console", "Aula1\antes\ByteBank.Console\ByteBank.Console.csproj", "{B020EBFA-B815-4DE6-9BBC-2E3533DC5484}"
EndProject
Project("{9A19103F-16F7-4668-BE54-9A1E7A4F7556}") = "ByteBank.Console", "Aula2\antes\ByteBank.Console\ByteBank.Console.csproj", "{6520D27D-092F-4F12-8012-0BBD85D59E20}"
EndProject
Project("{9A19103F-16F7-4668-BE54-9A1E7A4F7556}") = "ByteBank.Console", "Aula1\depois\ByteBank.Console\ByteBank.Console.csproj", "{E5112C78-CDC4-4D22-8617-470371FB96A3}"
EndProject
Project("{9A19103F-16F7-4668-BE54-9A1E7A4F7556}") = "ByteBank.Console", "Aula2\depois\ByteBank.Console\ByteBank.Console.csproj", "{60095EB9-03A1-473F-BEC5-DD7975911FE4}"
EndProject
Project("{9A19103F-16F7-4668-BE54-9A1E7A4F7556}") = "ByteBank.CaixaEletronico", "Aula4\depois\ByteBank.CaixaEletronico\ByteBank.CaixaEletronico.csproj", "{294CB681-6748-4740-9569-A2FDBD4A22AD}"
EndProject
Project("{9A19103F-16F7-4668-BE54-9A1E7A4F7556}") = "ByteBank.CaixaEletronico", "Aula5\depois\ByteBank.CaixaEletronico\ByteBank.CaixaEletronico.csproj", "{7F0CC74E-ABF0-4650-BE11-A41865410CCC}"
EndProject
Project("{9A19103F-16F7-4668-BE54-9A1E7A4F7556}") = "ByteBank.WebApi", "Aula5\antes\ByteBank.WebApi\ByteBank.WebApi.csproj", "{DC525C20-93E9-4A15-8C13-0836CBC75A08}"
EndProject
Project("{9A19103F-16F7-4668-BE54-9A1E7A4F7556}") = "ByteBank.CaixaEletronico", "Aula5\antes\ByteBank.CaixaEletronico\ByteBank.CaixaEletronico.csproj", "{AD5325A7-0F3D-4917-B4D4-E6FEAD9D7F25}"
EndProject
Project("{9A19103F-16F7-4668-BE54-9A1E7A4F7556}") = "ByteBank.CaixaEletronico", "Aula4\antes\ByteBank.CaixaEletronico\ByteBank.CaixaEletronico.csproj", "{102F2605-DB46-4D3E-9F30-68E802D31DA0}"
EndProject
Project("{9A19103F-16F7-4668-BE54-9A1E7A4F7556}") = "ByteBank.CaixaEletronico", "Aula3\antes\ByteBank.CaixaEletronico\ByteBank.CaixaEletronico.csproj", "{81FA610A-D7AC-4158-9CFF-D4A4AB5834D6}"
EndProject
Global
	GlobalSection(SolutionConfigurationPlatforms) = preSolution
		Debug|Any CPU = Debug|Any CPU
		Release|Any CPU = Release|Any CPU
	EndGlobalSection
	GlobalSection(ProjectConfigurationPlatforms) = postSolution
		{4D02707E-2B7A-4968-B920-67E22C9A86D7}.Debug|Any CPU.ActiveCfg = Debug|Any CPU
		{4D02707E-2B7A-4968-B920-67E22C9A86D7}.Debug|Any CPU.Build.0 = Debug|Any CPU
		{4D02707E-2B7A-4968-B920-67E22C9A86D7}.Release|Any CPU.ActiveCfg = Release|Any CPU
		{4D02707E-2B7A-4968-B920-67E22C9A86D7}.Release|Any CPU.Build.0 = Release|Any CPU
		{440C1915-8AF4-4DB1-9507-0E673D1C43CB}.Debug|Any CPU.ActiveCfg = Debug|Any CPU
		{440C1915-8AF4-4DB1-9507-0E673D1C43CB}.Debug|Any CPU.Build.0 = Debug|Any CPU
		{440C1915-8AF4-4DB1-9507-0E673D1C43CB}.Release|Any CPU.ActiveCfg = Release|Any CPU
		{440C1915-8AF4-4DB1-9507-0E673D1C43CB}.Release|Any CPU.Build.0 = Release|Any CPU
		{B68B333F-E703-4F36-98C5-1383C04C0BD2}.Debug|Any CPU.ActiveCfg = Debug|Any CPU
		{B68B333F-E703-4F36-98C5-1383C04C0BD2}.Debug|Any CPU.Build.0 = Debug|Any CPU
		{B68B333F-E703-4F36-98C5-1383C04C0BD2}.Release|Any CPU.ActiveCfg = Release|Any CPU
		{B68B333F-E703-4F36-98C5-1383C04C0BD2}.Release|Any CPU.Build.0 = Release|Any CPU
		{53ACADF2-1375-45B9-8DF0-85134A8CD8F8}.Debug|Any CPU.ActiveCfg = Debug|Any CPU
		{53ACADF2-1375-45B9-8DF0-85134A8CD8F8}.Debug|Any CPU.Build.0 = Debug|Any CPU
		{53ACADF2-1375-45B9-8DF0-85134A8CD8F8}.Release|Any CPU.ActiveCfg = Release|Any CPU
		{53ACADF2-1375-45B9-8DF0-85134A8CD8F8}.Release|Any CPU.Build.0 = Release|Any CPU
		{CF909C90-8952-42E1-BE87-A54FB5592D0A}.Debug|Any CPU.ActiveCfg = Debug|Any CPU
		{CF909C90-8952-42E1-BE87-A54FB5592D0A}.Debug|Any CPU.Build.0 = Debug|Any CPU
		{CF909C90-8952-42E1-BE87-A54FB5592D0A}.Release|Any CPU.ActiveCfg = Release|Any CPU
		{CF909C90-8952-42E1-BE87-A54FB5592D0A}.Release|Any CPU.Build.0 = Release|Any CPU
		{B020EBFA-B815-4DE6-9BBC-2E3533DC5484}.Debug|Any CPU.ActiveCfg = Debug|Any CPU
		{B020EBFA-B815-4DE6-9BBC-2E3533DC5484}.Debug|Any CPU.Build.0 = Debug|Any CPU
		{B020EBFA-B815-4DE6-9BBC-2E3533DC5484}.Release|Any CPU.ActiveCfg = Release|Any CPU
		{B020EBFA-B815-4DE6-9BBC-2E3533DC5484}.Release|Any CPU.Build.0 = Release|Any CPU
		{6520D27D-092F-4F12-8012-0BBD85D59E20}.Debug|Any CPU.ActiveCfg = Debug|Any CPU
		{6520D27D-092F-4F12-8012-0BBD85D59E20}.Debug|Any CPU.Build.0 = Debug|Any CPU
		{6520D27D-092F-4F12-8012-0BBD85D59E20}.Release|Any CPU.ActiveCfg = Release|Any CPU
		{6520D27D-092F-4F12-8012-0BBD85D59E20}.Release|Any CPU.Build.0 = Release|Any CPU
		{E5112C78-CDC4-4D22-8617-470371FB96A3}.Debug|Any CPU.ActiveCfg = Debug|Any CPU
		{E5112C78-CDC4-4D22-8617-470371FB96A3}.Debug|Any CPU.Build.0 = Debug|Any CPU
		{E5112C78-CDC4-4D22-8617-470371FB96A3}.Release|Any CPU.ActiveCfg = Release|Any CPU
		{E5112C78-CDC4-4D22-8617-470371FB96A3}.Release|Any CPU.Build.0 = Release|Any CPU
		{60095EB9-03A1-473F-BEC5-DD7975911FE4}.Debug|Any CPU.ActiveCfg = Debug|Any CPU
		{60095EB9-03A1-473F-BEC5-DD7975911FE4}.Debug|Any CPU.Build.0 = Debug|Any CPU
		{60095EB9-03A1-473F-BEC5-DD7975911FE4}.Release|Any CPU.ActiveCfg = Release|Any CPU
		{60095EB9-03A1-473F-BEC5-DD7975911FE4}.Release|Any CPU.Build.0 = Release|Any CPU
		{294CB681-6748-4740-9569-A2FDBD4A22AD}.Debug|Any CPU.ActiveCfg = Debug|Any CPU
		{294CB681-6748-4740-9569-A2FDBD4A22AD}.Debug|Any CPU.Build.0 = Debug|Any CPU
		{294CB681-6748-4740-9569-A2FDBD4A22AD}.Release|Any CPU.ActiveCfg = Release|Any CPU
		{294CB681-6748-4740-9569-A2FDBD4A22AD}.Release|Any CPU.Build.0 = Release|Any CPU
		{7F0CC74E-ABF0-4650-BE11-A41865410CCC}.Debug|Any CPU.ActiveCfg = Debug|Any CPU
		{7F0CC74E-ABF0-4650-BE11-A41865410CCC}.Debug|Any CPU.Build.0 = Debug|Any CPU
		{7F0CC74E-ABF0-4650-BE11-A41865410CCC}.Release|Any CPU.ActiveCfg = Release|Any CPU
		{7F0CC74E-ABF0-4650-BE11-A41865410CCC}.Release|Any CPU.Build.0 = Release|Any CPU
		{DC525C20-93E9-4A15-8C13-0836CBC75A08}.Debug|Any CPU.ActiveCfg = Debug|Any CPU
		{DC525C20-93E9-4A15-8C13-0836CBC75A08}.Debug|Any CPU.Build.0 = Debug|Any CPU
		{DC525C20-93E9-4A15-8C13-0836CBC75A08}.Release|Any CPU.ActiveCfg = Release|Any CPU
		{DC525C20-93E9-4A15-8C13-0836CBC75A08}.Release|Any CPU.Build.0 = Release|Any CPU
		{AD5325A7-0F3D-4917-B4D4-E6FEAD9D7F25}.Debug|Any CPU.ActiveCfg = Debug|Any CPU
		{AD5325A7-0F3D-4917-B4D4-E6FEAD9D7F25}.Debug|Any CPU.Build.0 = Debug|Any CPU
		{AD5325A7-0F3D-4917-B4D4-E6FEAD9D7F25}.Release|Any CPU.ActiveCfg = Release|Any CPU
		{AD5325A7-0F3D-4917-B4D4-E6FEAD9D7F25}.Release|Any CPU.Build.0 = Release|Any CPU
		{102F2605-DB46-4D3E-9F30-68E802D31DA0}.Debug|Any CPU.ActiveCfg = Debug|Any CPU
		{102F2605-DB46-4D3E-9F30-68E802D31DA0}.Debug|Any CPU.Build.0 = Debug|Any CPU
		{102F2605-DB46-4D3E-9F30-68E802D31DA0}.Release|Any CPU.ActiveCfg = Release|Any CPU
		{102F2605-DB46-4D3E-9F30-68E802D31DA0}.Release|Any CPU.Build.0 = Release|Any CPU
		{81FA610A-D7AC-4158-9CFF-D4A4AB5834D6}.Debug|Any CPU.ActiveCfg = Debug|Any CPU
		{81FA610A-D7AC-4158-9CFF-D4A4AB5834D6}.Debug|Any CPU.Build.0 = Debug|Any CPU
		{81FA610A-D7AC-4158-9CFF-D4A4AB5834D6}.Release|Any CPU.ActiveCfg = Release|Any CPU
		{81FA610A-D7AC-4158-9CFF-D4A4AB5834D6}.Release|Any CPU.Build.0 = Release|Any CPU
	EndGlobalSection
	GlobalSection(SolutionProperties) = preSolution
		HideSolutionNode = FALSE
	EndGlobalSection
	GlobalSection(NestedProjects) = preSolution
		{55A33857-8CB0-483B-B56F-AC3E9B7B6AB9} = {9B996972-B4E3-4542-9575-3B2BE8A7FC2C}
		{210F9C89-743C-4401-BF22-06C969F3788D} = {4AB8B595-2151-458E-A72A-D5C80E57592E}
		{674D3FC8-B957-4EBE-8511-858A24C92C81} = {A9B28C98-3CAF-4BED-BBAD-C8892FD74A88}
		{342497C4-FFE0-47A8-949F-8D9494D3A927} = {CFC4AE99-BA2F-467C-9ED3-9114B6A87A3F}
		{048FB2D7-405D-4356-BCF5-C44970607FBA} = {B60ECD0B-B90F-43B3-9525-F20C7A24B69E}
		{A1BE971A-ACA9-4885-BC4A-BE2427F74850} = {9B996972-B4E3-4542-9575-3B2BE8A7FC2C}
		{10FA42D2-D1AF-4E97-A419-85C06E8C63D7} = {4AB8B595-2151-458E-A72A-D5C80E57592E}
		{104F14CF-A4B4-4DF1-9661-24BB3665F942} = {A9B28C98-3CAF-4BED-BBAD-C8892FD74A88}
		{F4551A9C-DBCA-44A2-BD16-E01ED7AF3138} = {CFC4AE99-BA2F-467C-9ED3-9114B6A87A3F}
		{37A00499-800E-4FF7-9119-366EE824C5C4} = {B60ECD0B-B90F-43B3-9525-F20C7A24B69E}
		{4D02707E-2B7A-4968-B920-67E22C9A86D7} = {A1BE971A-ACA9-4885-BC4A-BE2427F74850}
		{440C1915-8AF4-4DB1-9507-0E673D1C43CB} = {10FA42D2-D1AF-4E97-A419-85C06E8C63D7}
		{B68B333F-E703-4F36-98C5-1383C04C0BD2} = {104F14CF-A4B4-4DF1-9661-24BB3665F942}
		{53ACADF2-1375-45B9-8DF0-85134A8CD8F8} = {37A00499-800E-4FF7-9119-366EE824C5C4}
		{CF909C90-8952-42E1-BE87-A54FB5592D0A} = {210F9C89-743C-4401-BF22-06C969F3788D}
		{B020EBFA-B815-4DE6-9BBC-2E3533DC5484} = {55A33857-8CB0-483B-B56F-AC3E9B7B6AB9}
		{6520D27D-092F-4F12-8012-0BBD85D59E20} = {210F9C89-743C-4401-BF22-06C969F3788D}
		{E5112C78-CDC4-4D22-8617-470371FB96A3} = {A1BE971A-ACA9-4885-BC4A-BE2427F74850}
		{60095EB9-03A1-473F-BEC5-DD7975911FE4} = {10FA42D2-D1AF-4E97-A419-85C06E8C63D7}
		{294CB681-6748-4740-9569-A2FDBD4A22AD} = {F4551A9C-DBCA-44A2-BD16-E01ED7AF3138}
		{7F0CC74E-ABF0-4650-BE11-A41865410CCC} = {37A00499-800E-4FF7-9119-366EE824C5C4}
		{DC525C20-93E9-4A15-8C13-0836CBC75A08} = {048FB2D7-405D-4356-BCF5-C44970607FBA}
		{AD5325A7-0F3D-4917-B4D4-E6FEAD9D7F25} = {048FB2D7-405D-4356-BCF5-C44970607FBA}
		{102F2605-DB46-4D3E-9F30-68E802D31DA0} = {342497C4-FFE0-47A8-949F-8D9494D3A927}
		{81FA610A-D7AC-4158-9CFF-D4A4AB5834D6} = {674D3FC8-B957-4EBE-8511-858A24C92C81}
	EndGlobalSection
	GlobalSection(ExtensibilityGlobals) = postSolution
		SolutionGuid = {A43E9414-989E-45E4-B49C-0B2FCE0C609F}
	EndGlobalSection
EndGlobal
