
Microsoft Visual Studio Solution File, Format Version 12.00
# Visual Studio Version 17
VisualStudioVersion = 17.7.34024.191
MinimumVisualStudioVersion = 10.0.40219.1
Project("{2150E333-8FDC-42A3-9474-1A3956D46DE8}") = "Aula1", "Aula1", "{9B996972-B4E3-4542-9575-3B2BE8A7FC2C}"
EndProject
Project("{2150E333-8FDC-42A3-9474-1A3956D46DE8}") = "Aula2", "Aula2", "{4AB8B595-2151-458E-A72A-D5C80E57592E}"
EndProject
Project("{2150E333-8FDC-42A3-9474-1A3956D46DE8}") = "Aula3", "Aula3", "{A9B28C98-3CAF-4BED-BBAD-C8892FD74A88}"
EndProject
Project("{2150E333-8FDC-42A3-9474-1A3956D46DE8}") = "Aula4", "Aula4", "{CFC4AE99-BA2F-467C-9ED3-9114B6A87A3F}"
EndProject
Project("{2150E333-8FDC-42A3-9474-1A3956D46DE8}") = "Aula5", "Aula5", "{B60ECD0B-B90F-43B3-9525-F20C7A24B69E}"
EndProject
Project("{2150E333-8FDC-42A3-9474-1A3956D46DE8}") = "antes", "antes", "{55A33857-8CB0-483B-B56F-AC3E9B7B6AB9}"
EndProject
Project("{2150E333-8FDC-42A3-9474-1A3956D46DE8}") = "antes", "antes", "{210F9C89-743C-4401-BF22-06C969F3788D}"
EndProject
Project("{2150E333-8FDC-42A3-9474-1A3956D46DE8}") = "antes", "antes", "{674D3FC8-B957-4EBE-8511-858A24C92C81}"
EndProject
Project("{2150E333-8FDC-42A3-9474-1A3956D46DE8}") = "antes", "antes", "{342497C4-FFE0-47A8-949F-8D9494D3A927}"
EndProject
Project("{2150E333-8FDC-42A3-9474-1A3956D46DE8}") = "antes", "antes", "{048FB2D7-405D-4356-BCF5-C44970607FBA}"
EndProject
Project("{2150E333-8FDC-42A3-9474-1A3956D46DE8}") = "depois", "depois", "{A1BE971A-ACA9-4885-BC4A-BE2427F74850}"
EndProject
Project("{2150E333-8FDC-42A3-9474-1A3956D46DE8}") = "depois", "depois", "{10FA42D2-D1AF-4E97-A419-85C06E8C63D7}"
EndProject
Project("{2150E333-8FDC-42A3-9474-1A3956D46DE8}") = "depois", "depois", "{104F14CF-A4B4-4DF1-9661-24BB3665F942}"
EndProject
Project("{2150E333-8FDC-42A3-9474-1A3956D46DE8}") = "depois", "depois", "{F4551A9C-DBCA-44A2-BD16-E01ED7AF3138}"
EndProject
Project("{2150E333-8FDC-42A3-9474-1A3956D46DE8}") = "depois", "depois", "{37A00499-800E-4FF7-9119-366EE824C5C4}"
EndProject
Project("{9A19103F-16F7-4668-BE54-9A1E7A4F7556}") = "ATMConsole", "Aula1\depois\ATMConsole\ATMConsole.csproj", "{4D02707E-2B7A-4968-B920-67E22C9A86D7}"
EndProject
Project("{9A19103F-16F7-4668-BE54-9A1E7A4F7556}") = "ATMConsole", "Aula2\depois\ATMConsole\ATMConsole.csproj", "{440C1915-8AF4-4DB1-9507-0E673D1C43CB}"
EndProject
Project("{9A19103F-16F7-4668-BE54-9A1E7A4F7556}") = "ByteBank.CaixaEletronico", "Aula3\depois\ByteBank.CaixaEletronico\ByteBank.CaixaEletronico.csproj", "{B68B333F-E703-4F36-98C5-1383C04C0BD2}"
EndProject
Project("{9A19103F-16F7-4668-BE54-9A1E7A4F7556}") = "ByteBank.CaixaEletronico", "Aula4\depois\ByteBank.CaixaEletronico\ByteBank.CaixaEletronico.csproj", "{75998737-5564-49FB-A096-4A922E2A9D89}"
EndProject
Project("{9A19103F-16F7-4668-BE54-9A1E7A4F7556}") = "ByteBank.CaixaEletronico", "Aula5\depois\ByteBank.CaixaEletronico\ByteBank.CaixaEletronico.csproj", "{6BB28B10-3A6A-49CB-BC20-DFB419CD5D79}"
EndProject
Project("{9A19103F-16F7-4668-BE54-9A1E7A4F7556}") = "ByteBank.WebApi", "Aula5\depois\ByteBank.WebApi\ByteBank.WebApi.csproj", "{53ACADF2-1375-45B9-8DF0-85134A8CD8F8}"
EndProject
Project("{9A19103F-16F7-4668-BE54-9A1E7A4F7556}") = "ATMConsole", "Aula2\antes\ATMConsole\ATMConsole.csproj", "{CF909C90-8952-42E1-BE87-A54FB5592D0A}"
EndProject
Project("{9A19103F-16F7-4668-BE54-9A1E7A4F7556}") = "ByteBank.CaixaEletronico", "Aula3\antes\ByteBank.CaixaEletronico\ByteBank.CaixaEletronico.csproj", "{1B926CD9-DD07-4BA0-A2D5-1D1D5C664B36}"
EndProject
Project("{9A19103F-16F7-4668-BE54-9A1E7A4F7556}") = "ByteBank.CaixaEletronico", "Aula4\antes\ByteBank.CaixaEletronico\ByteBank.CaixaEletronico.csproj", "{1BA436C8-19CD-48EE-AF3D-003F6280C9CB}"
EndProject
Project("{9A19103F-16F7-4668-BE54-9A1E7A4F7556}") = "ByteBank.CaixaEletronico", "Aula5\antes\ByteBank.CaixaEletronico\ByteBank.CaixaEletronico.csproj", "{53EBC39E-13E8-4BB9-8805-F2411CB77D7B}"
EndProject
Project("{9A19103F-16F7-4668-BE54-9A1E7A4F7556}") = "ByteBank.WebApi", "Aula5\antes\ByteBank.WebApi\ByteBank.WebApi.csproj", "{3510A769-2207-4DF4-8D0D-660AA444E813}"
EndProject
Project("{FAE04EC0-301F-11D3-BF4B-00C04F79EFBC}") = "ByteBank.CaixaEletronico", "Aula1\antes\ByteBank.CaixaEletronico\ByteBank.CaixaEletronico.csproj", "{B020EBFA-B815-4DE6-9BBC-2E3533DC5484}"
EndProject
Global
	GlobalSection(SolutionConfigurationPlatforms) = preSolution
		Debug|Any CPU = Debug|Any CPU
		Release|Any CPU = Release|Any CPU
	EndGlobalSection
	GlobalSection(ProjectConfigurationPlatforms) = postSolution
		{4D02707E-2B7A-4968-B920-67E22C9A86D7}.Debug|Any CPU.ActiveCfg = Debug|Any CPU
		{4D02707E-2B7A-4968-B920-67E22C9A86D7}.Debug|Any CPU.Build.0 = Debug|Any CPU
		{4D02707E-2B7A-4968-B920-67E22C9A86D7}.Release|Any CPU.ActiveCfg = Release|Any CPU
		{4D02707E-2B7A-4968-B920-67E22C9A86D7}.Release|Any CPU.Build.0 = Release|Any CPU
		{440C1915-8AF4-4DB1-9507-0E673D1C43CB}.Debug|Any CPU.ActiveCfg = Debug|Any CPU
		{440C1915-8AF4-4DB1-9507-0E673D1C43CB}.Debug|Any CPU.Build.0 = Debug|Any CPU
		{440C1915-8AF4-4DB1-9507-0E673D1C43CB}.Release|Any CPU.ActiveCfg = Release|Any CPU
		{440C1915-8AF4-4DB1-9507-0E673D1C43CB}.Release|Any CPU.Build.0 = Release|Any CPU
		{B68B333F-E703-4F36-98C5-1383C04C0BD2}.Debug|Any CPU.ActiveCfg = Debug|Any CPU
		{B68B333F-E703-4F36-98C5-1383C04C0BD2}.Debug|Any CPU.Build.0 = Debug|Any CPU
		{B68B333F-E703-4F36-98C5-1383C04C0BD2}.Release|Any CPU.ActiveCfg = Release|Any CPU
		{B68B333F-E703-4F36-98C5-1383C04C0BD2}.Release|Any CPU.Build.0 = Release|Any CPU
		{75998737-5564-49FB-A096-4A922E2A9D89}.Debug|Any CPU.ActiveCfg = Debug|Any CPU
		{75998737-5564-49FB-A096-4A922E2A9D89}.Debug|Any CPU.Build.0 = Debug|Any CPU
		{75998737-5564-49FB-A096-4A922E2A9D89}.Release|Any CPU.ActiveCfg = Release|Any CPU
		{75998737-5564-49FB-A096-4A922E2A9D89}.Release|Any CPU.Build.0 = Release|Any CPU
		{6BB28B10-3A6A-49CB-BC20-DFB419CD5D79}.Debug|Any CPU.ActiveCfg = Debug|Any CPU
		{6BB28B10-3A6A-49CB-BC20-DFB419CD5D79}.Debug|Any CPU.Build.0 = Debug|Any CPU
		{6BB28B10-3A6A-49CB-BC20-DFB419CD5D79}.Release|Any CPU.ActiveCfg = Release|Any CPU
		{6BB28B10-3A6A-49CB-BC20-DFB419CD5D79}.Release|Any CPU.Build.0 = Release|Any CPU
		{53ACADF2-1375-45B9-8DF0-85134A8CD8F8}.Debug|Any CPU.ActiveCfg = Debug|Any CPU
		{53ACADF2-1375-45B9-8DF0-85134A8CD8F8}.Debug|Any CPU.Build.0 = Debug|Any CPU
		{53ACADF2-1375-45B9-8DF0-85134A8CD8F8}.Release|Any CPU.ActiveCfg = Release|Any CPU
		{53ACADF2-1375-45B9-8DF0-85134A8CD8F8}.Release|Any CPU.Build.0 = Release|Any CPU
		{CF909C90-8952-42E1-BE87-A54FB5592D0A}.Debug|Any CPU.ActiveCfg = Debug|Any CPU
		{CF909C90-8952-42E1-BE87-A54FB5592D0A}.Debug|Any CPU.Build.0 = Debug|Any CPU
		{CF909C90-8952-42E1-BE87-A54FB5592D0A}.Release|Any CPU.ActiveCfg = Release|Any CPU
		{CF909C90-8952-42E1-BE87-A54FB5592D0A}.Release|Any CPU.Build.0 = Release|Any CPU
		{1B926CD9-DD07-4BA0-A2D5-1D1D5C664B36}.Debug|Any CPU.ActiveCfg = Debug|Any CPU
		{1B926CD9-DD07-4BA0-A2D5-1D1D5C664B36}.Debug|Any CPU.Build.0 = Debug|Any CPU
		{1B926CD9-DD07-4BA0-A2D5-1D1D5C664B36}.Release|Any CPU.ActiveCfg = Release|Any CPU
		{1B926CD9-DD07-4BA0-A2D5-1D1D5C664B36}.Release|Any CPU.Build.0 = Release|Any CPU
		{1BA436C8-19CD-48EE-AF3D-003F6280C9CB}.Debug|Any CPU.ActiveCfg = Debug|Any CPU
		{1BA436C8-19CD-48EE-AF3D-003F6280C9CB}.Debug|Any CPU.Build.0 = Debug|Any CPU
		{1BA436C8-19CD-48EE-AF3D-003F6280C9CB}.Release|Any CPU.ActiveCfg = Release|Any CPU
		{1BA436C8-19CD-48EE-AF3D-003F6280C9CB}.Release|Any CPU.Build.0 = Release|Any CPU
		{53EBC39E-13E8-4BB9-8805-F2411CB77D7B}.Debug|Any CPU.ActiveCfg = Debug|Any CPU
		{53EBC39E-13E8-4BB9-8805-F2411CB77D7B}.Debug|Any CPU.Build.0 = Debug|Any CPU
		{53EBC39E-13E8-4BB9-8805-F2411CB77D7B}.Release|Any CPU.ActiveCfg = Release|Any CPU
		{53EBC39E-13E8-4BB9-8805-F2411CB77D7B}.Release|Any CPU.Build.0 = Release|Any CPU
		{3510A769-2207-4DF4-8D0D-660AA444E813}.Debug|Any CPU.ActiveCfg = Debug|Any CPU
		{3510A769-2207-4DF4-8D0D-660AA444E813}.Debug|Any CPU.Build.0 = Debug|Any CPU
		{3510A769-2207-4DF4-8D0D-660AA444E813}.Release|Any CPU.ActiveCfg = Release|Any CPU
		{3510A769-2207-4DF4-8D0D-660AA444E813}.Release|Any CPU.Build.0 = Release|Any CPU
		{B020EBFA-B815-4DE6-9BBC-2E3533DC5484}.Debug|Any CPU.ActiveCfg = Debug|Any CPU
		{B020EBFA-B815-4DE6-9BBC-2E3533DC5484}.Debug|Any CPU.Build.0 = Debug|Any CPU
		{B020EBFA-B815-4DE6-9BBC-2E3533DC5484}.Release|Any CPU.ActiveCfg = Release|Any CPU
		{B020EBFA-B815-4DE6-9BBC-2E3533DC5484}.Release|Any CPU.Build.0 = Release|Any CPU
	EndGlobalSection
	GlobalSection(SolutionProperties) = preSolution
		HideSolutionNode = FALSE
	EndGlobalSection
	GlobalSection(NestedProjects) = preSolution
		{55A33857-8CB0-483B-B56F-AC3E9B7B6AB9} = {9B996972-B4E3-4542-9575-3B2BE8A7FC2C}
		{210F9C89-743C-4401-BF22-06C969F3788D} = {4AB8B595-2151-458E-A72A-D5C80E57592E}
		{674D3FC8-B957-4EBE-8511-858A24C92C81} = {A9B28C98-3CAF-4BED-BBAD-C8892FD74A88}
		{342497C4-FFE0-47A8-949F-8D9494D3A927} = {CFC4AE99-BA2F-467C-9ED3-9114B6A87A3F}
		{048FB2D7-405D-4356-BCF5-C44970607FBA} = {B60ECD0B-B90F-43B3-9525-F20C7A24B69E}
		{A1BE971A-ACA9-4885-BC4A-BE2427F74850} = {9B996972-B4E3-4542-9575-3B2BE8A7FC2C}
		{10FA42D2-D1AF-4E97-A419-85C06E8C63D7} = {4AB8B595-2151-458E-A72A-D5C80E57592E}
		{104F14CF-A4B4-4DF1-9661-24BB3665F942} = {A9B28C98-3CAF-4BED-BBAD-C8892FD74A88}
		{F4551A9C-DBCA-44A2-BD16-E01ED7AF3138} = {CFC4AE99-BA2F-467C-9ED3-9114B6A87A3F}
		{37A00499-800E-4FF7-9119-366EE824C5C4} = {B60ECD0B-B90F-43B3-9525-F20C7A24B69E}
		{4D02707E-2B7A-4968-B920-67E22C9A86D7} = {A1BE971A-ACA9-4885-BC4A-BE2427F74850}
		{440C1915-8AF4-4DB1-9507-0E673D1C43CB} = {10FA42D2-D1AF-4E97-A419-85C06E8C63D7}
		{B68B333F-E703-4F36-98C5-1383C04C0BD2} = {104F14CF-A4B4-4DF1-9661-24BB3665F942}
		{75998737-5564-49FB-A096-4A922E2A9D89} = {F4551A9C-DBCA-44A2-BD16-E01ED7AF3138}
		{6BB28B10-3A6A-49CB-BC20-DFB419CD5D79} = {37A00499-800E-4FF7-9119-366EE824C5C4}
		{53ACADF2-1375-45B9-8DF0-85134A8CD8F8} = {37A00499-800E-4FF7-9119-366EE824C5C4}
		{CF909C90-8952-42E1-BE87-A54FB5592D0A} = {210F9C89-743C-4401-BF22-06C969F3788D}
		{1B926CD9-DD07-4BA0-A2D5-1D1D5C664B36} = {674D3FC8-B957-4EBE-8511-858A24C92C81}
		{1BA436C8-19CD-48EE-AF3D-003F6280C9CB} = {342497C4-FFE0-47A8-949F-8D9494D3A927}
		{53EBC39E-13E8-4BB9-8805-F2411CB77D7B} = {048FB2D7-405D-4356-BCF5-C44970607FBA}
		{3510A769-2207-4DF4-8D0D-660AA444E813} = {048FB2D7-405D-4356-BCF5-C44970607FBA}
		{B020EBFA-B815-4DE6-9BBC-2E3533DC5484} = {55A33857-8CB0-483B-B56F-AC3E9B7B6AB9}
	EndGlobalSection
	GlobalSection(ExtensibilityGlobals) = postSolution
		SolutionGuid = {A43E9414-989E-45E4-B49C-0B2FCE0C609F}
	EndGlobalSection
EndGlobal
